
Microsoft Visual Studio Solution File, Format Version 12.00
# Visual Studio 2013
VisualStudioVersion = 12.0.31101.0
MinimumVisualStudioVersion = 10.0.40219.1
Project("{FAE04EC0-301F-11D3-BF4B-00C04F79EFBC}") = "Meridium.ShareCountService", "Meridium.ShareCountService\Meridium.ShareCountService.csproj", "{38419E21-A682-4648-AC94-04A8514A5E0A}"
EndProject
Project("{FAE04EC0-301F-11D3-BF4B-00C04F79EFBC}") = "Meridium.ShareCountService.Tests", "Meridium.ShareCountService.Tests\Meridium.ShareCountService.Tests.csproj", "{84A4F32C-9311-4C14-B279-821DECDF5074}"
	ProjectSection(ProjectDependencies) = postProject
		{38419E21-A682-4648-AC94-04A8514A5E0A} = {38419E21-A682-4648-AC94-04A8514A5E0A}
	EndProjectSection
EndProject
Global
	GlobalSection(SolutionConfigurationPlatforms) = preSolution
		Debug|Any CPU = Debug|Any CPU
		Release|Any CPU = Release|Any CPU
	EndGlobalSection
	GlobalSection(ProjectConfigurationPlatforms) = postSolution
		{38419E21-A682-4648-AC94-04A8514A5E0A}.Debug|Any CPU.ActiveCfg = Debug|Any CPU
		{38419E21-A682-4648-AC94-04A8514A5E0A}.Debug|Any CPU.Build.0 = Debug|Any CPU
		{38419E21-A682-4648-AC94-04A8514A5E0A}.Release|Any CPU.ActiveCfg = Release|Any CPU
		{38419E21-A682-4648-AC94-04A8514A5E0A}.Release|Any CPU.Build.0 = Release|Any CPU
		{84A4F32C-9311-4C14-B279-821DECDF5074}.Debug|Any CPU.ActiveCfg = Debug|Any CPU
		{84A4F32C-9311-4C14-B279-821DECDF5074}.Debug|Any CPU.Build.0 = Debug|Any CPU
		{84A4F32C-9311-4C14-B279-821DECDF5074}.Release|Any CPU.ActiveCfg = Release|Any CPU
		{84A4F32C-9311-4C14-B279-821DECDF5074}.Release|Any CPU.Build.0 = Release|Any CPU
	EndGlobalSection
	GlobalSection(SolutionProperties) = preSolution
		HideSolutionNode = FALSE
	EndGlobalSection
EndGlobal
